<?xml version="1.0" encoding="UTF-8"?>
<CodeBlocks_project_file>
	<FileVersion major="1" minor="6"/>
	<Project>
		<Option title="Game"/>
		<Option makefile_is_custom="1"/>
		<Option compiler="gcc"/>
		<Option virtualFolders="CMake Files\;CMake Files\..\;CMake Files\..\..\;CMake Files\..\..\..\;CMake Files\..\..\..\..\;CMake Files\..\..\..\..\..\;CMake Files\..\..\..\..\..\..\;CMake Files\..\..\..\..\..\..\englishaddress\;CMake Files\..\..\..\..\..\..\englishaddress\5.12.1\;CMake Files\..\..\..\..\..\..\englishaddress\5.12.1\mingw73_64\;CMake Files\..\..\..\..\..\..\englishaddress\5.12.1\mingw73_64\lib\;CMake Files\..\..\..\..\..\..\englishaddress\5.12.1\mingw73_64\lib\cmake\;CMake Files\..\..\..\..\..\..\englishaddress\5.12.1\mingw73_64\lib\cmake\Qt5\;CMake Files\..\..\..\..\..\..\englishaddress\5.12.1\mingw73_64\lib\cmake\Qt5Core\;CMake Files\..\..\..\..\..\..\englishaddress\5.12.1\mingw73_64\lib\cmake\Qt5Gui\;CMake Files\..\..\..\..\..\..\englishaddress\5.12.1\mingw73_64\lib\cmake\Qt5Widgets\;CMake Files\Source\;CMake Files\Source\assets\;"/>
		<Build>
			<Target title="all">
				<Option working_dir="D:/IDEA/toolbox1111/apps/CLion/Projects/Game/qt_camke_debug"/>
				<Option type="4"/>
				<MakeCommands>
					<Build command="D:/englishaddress/Tools/mingw730_64/bin/mingw32-make.exe -f &quot;D:/IDEA/toolbox1111/apps/CLion/Projects/Game/qt_camke_debug/Makefile&quot;  VERBOSE=1 all"/>
					<CompileFile command="D:/englishaddress/Tools/mingw730_64/bin/mingw32-make.exe -f &quot;D:/IDEA/toolbox1111/apps/CLion/Projects/Game/qt_camke_debug/Makefile&quot;  VERBOSE=1 &quot;$file&quot;"/>
					<Clean command="D:/englishaddress/Tools/mingw730_64/bin/mingw32-make.exe -f &quot;D:/IDEA/toolbox1111/apps/CLion/Projects/Game/qt_camke_debug/Makefile&quot;  VERBOSE=1 clean"/>
					<DistClean command="D:/englishaddress/Tools/mingw730_64/bin/mingw32-make.exe -f &quot;D:/IDEA/toolbox1111/apps/CLion/Projects/Game/qt_camke_debug/Makefile&quot;  VERBOSE=1 clean"/>
				</MakeCommands>
			</Target>
			<Target title="Game">
				<Option output="D:/IDEA/toolbox1111/apps/CLion/Projects/Game/qt_camke_debug/Game.exe" prefix_auto="0" extension_auto="0"/>
				<Option working_dir="D:/IDEA/toolbox1111/apps/CLion/Projects/Game/qt_camke_debug"/>
				<Option object_output="./"/>
				<Option type="1"/>
				<Option compiler="gcc"/>
				<Compiler>
					<Add option="-DQT_CORE_LIB"/>
					<Add option="-DQT_NO_DEBUG"/>
					<Add option="-DQT_GUI_LIB"/>
					<Add option="-DQT_WIDGETS_LIB"/>
					<Add directory="D:/IDEA/toolbox1111/apps/CLion/Projects/Game/qt_camke_debug/Game_autogen/include"/>
					<Add directory="D:/IDEA/toolbox1111/apps/CLion/Projects/Game/include"/>
					<Add directory="D:/IDEA/toolbox1111/apps/CLion/Projects/Game/Source/Headers"/>
					<Add directory="D:/englishaddress/5.12.1/mingw73_64/include"/>
					<Add directory="D:/englishaddress/5.12.1/mingw73_64/include/QtCore"/>
					<Add directory="D:/englishaddress/5.12.1/mingw73_64/./mkspecs/win32-g++"/>
					<Add directory="D:/englishaddress/5.12.1/mingw73_64/include/QtGui"/>
					<Add directory="D:/englishaddress/5.12.1/mingw73_64/include/QtANGLE"/>
					<Add directory="D:/englishaddress/5.12.1/mingw73_64/include/QtWidgets"/>
					<Add directory="D:/englishaddress/Tools/mingw730_64/bin/../lib/gcc/x86_64-w64-mingw32/7.3.0/include/c++"/>
					<Add directory="D:/englishaddress/Tools/mingw730_64/bin/../lib/gcc/x86_64-w64-mingw32/7.3.0/include/c++/x86_64-w64-mingw32"/>
					<Add directory="D:/englishaddress/Tools/mingw730_64/bin/../lib/gcc/x86_64-w64-mingw32/7.3.0/include/c++/backward"/>
					<Add directory="D:/englishaddress/Tools/mingw730_64/bin/../lib/gcc/x86_64-w64-mingw32/7.3.0/include"/>
					<Add directory="D:/englishaddress/Tools/mingw730_64/bin/../lib/gcc/x86_64-w64-mingw32/7.3.0/include-fixed"/>
					<Add directory="D:/englishaddress/Tools/mingw730_64/bin/../lib/gcc/x86_64-w64-mingw32/7.3.0/../../../../x86_64-w64-mingw32/include"/>
				</Compiler>
				<MakeCommands>
					<Build command="D:/englishaddress/Tools/mingw730_64/bin/mingw32-make.exe -f &quot;D:/IDEA/toolbox1111/apps/CLion/Projects/Game/qt_camke_debug/Makefile&quot;  VERBOSE=1 Game"/>
					<CompileFile command="D:/englishaddress/Tools/mingw730_64/bin/mingw32-make.exe -f &quot;D:/IDEA/toolbox1111/apps/CLion/Projects/Game/qt_camke_debug/Makefile&quot;  VERBOSE=1 &quot;$file&quot;"/>
					<Clean command="D:/englishaddress/Tools/mingw730_64/bin/mingw32-make.exe -f &quot;D:/IDEA/toolbox1111/apps/CLion/Projects/Game/qt_camke_debug/Makefile&quot;  VERBOSE=1 clean"/>
					<DistClean command="D:/englishaddress/Tools/mingw730_64/bin/mingw32-make.exe -f &quot;D:/IDEA/toolbox1111/apps/CLion/Projects/Game/qt_camke_debug/Makefile&quot;  VERBOSE=1 clean"/>
				</MakeCommands>
			</Target>
			<Target title="Game/fast">
				<Option output="D:/IDEA/toolbox1111/apps/CLion/Projects/Game/qt_camke_debug/Game.exe" prefix_auto="0" extension_auto="0"/>
				<Option working_dir="D:/IDEA/toolbox1111/apps/CLion/Projects/Game/qt_camke_debug"/>
				<Option object_output="./"/>
				<Option type="1"/>
				<Option compiler="gcc"/>
				<Compiler>
					<Add option="-DQT_CORE_LIB"/>
					<Add option="-DQT_NO_DEBUG"/>
					<Add option="-DQT_GUI_LIB"/>
					<Add option="-DQT_WIDGETS_LIB"/>
					<Add directory="D:/IDEA/toolbox1111/apps/CLion/Projects/Game/qt_camke_debug/Game_autogen/include"/>
					<Add directory="D:/IDEA/toolbox1111/apps/CLion/Projects/Game/include"/>
					<Add directory="D:/IDEA/toolbox1111/apps/CLion/Projects/Game/Source/Headers"/>
					<Add directory="D:/englishaddress/5.12.1/mingw73_64/include"/>
					<Add directory="D:/englishaddress/5.12.1/mingw73_64/include/QtCore"/>
					<Add directory="D:/englishaddress/5.12.1/mingw73_64/./mkspecs/win32-g++"/>
					<Add directory="D:/englishaddress/5.12.1/mingw73_64/include/QtGui"/>
					<Add directory="D:/englishaddress/5.12.1/mingw73_64/include/QtANGLE"/>
					<Add directory="D:/englishaddress/5.12.1/mingw73_64/include/QtWidgets"/>
					<Add directory="D:/englishaddress/Tools/mingw730_64/bin/../lib/gcc/x86_64-w64-mingw32/7.3.0/include/c++"/>
					<Add directory="D:/englishaddress/Tools/mingw730_64/bin/../lib/gcc/x86_64-w64-mingw32/7.3.0/include/c++/x86_64-w64-mingw32"/>
					<Add directory="D:/englishaddress/Tools/mingw730_64/bin/../lib/gcc/x86_64-w64-mingw32/7.3.0/include/c++/backward"/>
					<Add directory="D:/englishaddress/Tools/mingw730_64/bin/../lib/gcc/x86_64-w64-mingw32/7.3.0/include"/>
					<Add directory="D:/englishaddress/Tools/mingw730_64/bin/../lib/gcc/x86_64-w64-mingw32/7.3.0/include-fixed"/>
					<Add directory="D:/englishaddress/Tools/mingw730_64/bin/../lib/gcc/x86_64-w64-mingw32/7.3.0/../../../../x86_64-w64-mingw32/include"/>
				</Compiler>
				<MakeCommands>
					<Build command="D:/englishaddress/Tools/mingw730_64/bin/mingw32-make.exe -f &quot;D:/IDEA/toolbox1111/apps/CLion/Projects/Game/qt_camke_debug/Makefile&quot;  VERBOSE=1 Game/fast"/>
					<CompileFile command="D:/englishaddress/Tools/mingw730_64/bin/mingw32-make.exe -f &quot;D:/IDEA/toolbox1111/apps/CLion/Projects/Game/qt_camke_debug/Makefile&quot;  VERBOSE=1 &quot;$file&quot;"/>
					<Clean command="D:/englishaddress/Tools/mingw730_64/bin/mingw32-make.exe -f &quot;D:/IDEA/toolbox1111/apps/CLion/Projects/Game/qt_camke_debug/Makefile&quot;  VERBOSE=1 clean"/>
					<DistClean command="D:/englishaddress/Tools/mingw730_64/bin/mingw32-make.exe -f &quot;D:/IDEA/toolbox1111/apps/CLion/Projects/Game/qt_camke_debug/Makefile&quot;  VERBOSE=1 clean"/>
				</MakeCommands>
			</Target>
			<Target title="edit_cache">
				<Option working_dir="D:/IDEA/toolbox1111/apps/CLion/Projects/Game/qt_camke_debug"/>
				<Option type="4"/>
				<MakeCommands>
					<Build command="D:/englishaddress/Tools/mingw730_64/bin/mingw32-make.exe -f &quot;D:/IDEA/toolbox1111/apps/CLion/Projects/Game/qt_camke_debug/Makefile&quot;  VERBOSE=1 edit_cache"/>
					<CompileFile command="D:/englishaddress/Tools/mingw730_64/bin/mingw32-make.exe -f &quot;D:/IDEA/toolbox1111/apps/CLion/Projects/Game/qt_camke_debug/Makefile&quot;  VERBOSE=1 &quot;$file&quot;"/>
					<Clean command="D:/englishaddress/Tools/mingw730_64/bin/mingw32-make.exe -f &quot;D:/IDEA/toolbox1111/apps/CLion/Projects/Game/qt_camke_debug/Makefile&quot;  VERBOSE=1 clean"/>
					<DistClean command="D:/englishaddress/Tools/mingw730_64/bin/mingw32-make.exe -f &quot;D:/IDEA/toolbox1111/apps/CLion/Projects/Game/qt_camke_debug/Makefile&quot;  VERBOSE=1 clean"/>
				</MakeCommands>
			</Target>
			<Target title="rebuild_cache">
				<Option working_dir="D:/IDEA/toolbox1111/apps/CLion/Projects/Game/qt_camke_debug"/>
				<Option type="4"/>
				<MakeCommands>
					<Build command="D:/englishaddress/Tools/mingw730_64/bin/mingw32-make.exe -f &quot;D:/IDEA/toolbox1111/apps/CLion/Projects/Game/qt_camke_debug/Makefile&quot;  VERBOSE=1 rebuild_cache"/>
					<CompileFile command="D:/englishaddress/Tools/mingw730_64/bin/mingw32-make.exe -f &quot;D:/IDEA/toolbox1111/apps/CLion/Projects/Game/qt_camke_debug/Makefile&quot;  VERBOSE=1 &quot;$file&quot;"/>
					<Clean command="D:/englishaddress/Tools/mingw730_64/bin/mingw32-make.exe -f &quot;D:/IDEA/toolbox1111/apps/CLion/Projects/Game/qt_camke_debug/Makefile&quot;  VERBOSE=1 clean"/>
					<DistClean command="D:/englishaddress/Tools/mingw730_64/bin/mingw32-make.exe -f &quot;D:/IDEA/toolbox1111/apps/CLion/Projects/Game/qt_camke_debug/Makefile&quot;  VERBOSE=1 clean"/>
				</MakeCommands>
			</Target>
			<Target title="Game_autogen">
				<Option working_dir="D:/IDEA/toolbox1111/apps/CLion/Projects/Game/qt_camke_debug"/>
				<Option type="4"/>
				<MakeCommands>
					<Build command="D:/englishaddress/Tools/mingw730_64/bin/mingw32-make.exe -f &quot;D:/IDEA/toolbox1111/apps/CLion/Projects/Game/qt_camke_debug/Makefile&quot;  VERBOSE=1 Game_autogen"/>
					<CompileFile command="D:/englishaddress/Tools/mingw730_64/bin/mingw32-make.exe -f &quot;D:/IDEA/toolbox1111/apps/CLion/Projects/Game/qt_camke_debug/Makefile&quot;  VERBOSE=1 &quot;$file&quot;"/>
					<Clean command="D:/englishaddress/Tools/mingw730_64/bin/mingw32-make.exe -f &quot;D:/IDEA/toolbox1111/apps/CLion/Projects/Game/qt_camke_debug/Makefile&quot;  VERBOSE=1 clean"/>
					<DistClean command="D:/englishaddress/Tools/mingw730_64/bin/mingw32-make.exe -f &quot;D:/IDEA/toolbox1111/apps/CLion/Projects/Game/qt_camke_debug/Makefile&quot;  VERBOSE=1 clean"/>
				</MakeCommands>
			</Target>
		</Build>
		<Unit filename="D:/IDEA/toolbox1111/apps/CLion/Projects/Game/Source/Forms/mainwindow.ui">
			<Option target="Game"/>
		</Unit>
		<Unit filename="D:/IDEA/toolbox1111/apps/CLion/Projects/Game/Source/Headers/mainwindow.h">
			<Option target="Game"/>
		</Unit>
		<Unit filename="D:/IDEA/toolbox1111/apps/CLion/Projects/Game/Source/assets/imagesrc.qrc">
			<Option target="Game"/>
		</Unit>
		<Unit filename="D:/IDEA/toolbox1111/apps/CLion/Projects/Game/Source/main.cpp">
			<Option target="Game"/>
		</Unit>
		<Unit filename="D:/IDEA/toolbox1111/apps/CLion/Projects/Game/Source/mainwindow.cpp">
			<Option target="Game"/>
		</Unit>
		<Unit filename="D:/IDEA/toolbox1111/apps/CLion/Projects/Game/qt_camke_debug/Game_autogen/JDUL3767SG/qrc_imagesrc.cpp">
			<Option target="Game"/>
		</Unit>
		<Unit filename="D:/IDEA/toolbox1111/apps/CLion/Projects/Game/qt_camke_debug/Game_autogen/JDUL3767SG/qrc_imagesrc.cpp.rule">
			<Option target="Game"/>
		</Unit>
		<Unit filename="D:/IDEA/toolbox1111/apps/CLion/Projects/Game/qt_camke_debug/Game_autogen/include/Source/Forms/ui_mainwindow.h">
			<Option target="Game"/>
		</Unit>
		<Unit filename="D:/IDEA/toolbox1111/apps/CLion/Projects/Game/qt_camke_debug/Game_autogen/mocs_compilation.cpp">
			<Option target="Game"/>
		</Unit>
		<Unit filename="D:/IDEA/toolbox1111/apps/CLion/Projects/Game/CMakeLists.txt">
			<Option virtualFolder="CMake Files\"/>
		</Unit>
		<Unit filename="D:/IDEA/toolbox1111/apps/CLion/Projects/Game/../../../../../../englishaddress/5.12.1/mingw73_64/lib/cmake/Qt5/Qt5Config.cmake">
			<Option virtualFolder="CMake Files\..\..\..\..\..\..\englishaddress\5.12.1\mingw73_64\lib\cmake\Qt5\"/>
		</Unit>
		<Unit filename="D:/IDEA/toolbox1111/apps/CLion/Projects/Game/../../../../../../englishaddress/5.12.1/mingw73_64/lib/cmake/Qt5/Qt5ConfigVersion.cmake">
			<Option virtualFolder="CMake Files\..\..\..\..\..\..\englishaddress\5.12.1\mingw73_64\lib\cmake\Qt5\"/>
		</Unit>
		<Unit filename="D:/IDEA/toolbox1111/apps/CLion/Projects/Game/../../../../../../englishaddress/5.12.1/mingw73_64/lib/cmake/Qt5/Qt5ModuleLocation.cmake">
			<Option virtualFolder="CMake Files\..\..\..\..\..\..\englishaddress\5.12.1\mingw73_64\lib\cmake\Qt5\"/>
		</Unit>
		<Unit filename="D:/IDEA/toolbox1111/apps/CLion/Projects/Game/../../../../../../englishaddress/5.12.1/mingw73_64/lib/cmake/Qt5Core/Qt5CoreConfig.cmake">
			<Option virtualFolder="CMake Files\..\..\..\..\..\..\englishaddress\5.12.1\mingw73_64\lib\cmake\Qt5Core\"/>
		</Unit>
		<Unit filename="D:/IDEA/toolbox1111/apps/CLion/Projects/Game/../../../../../../englishaddress/5.12.1/mingw73_64/lib/cmake/Qt5Core/Qt5CoreConfigExtras.cmake">
			<Option virtualFolder="CMake Files\..\..\..\..\..\..\englishaddress\5.12.1\mingw73_64\lib\cmake\Qt5Core\"/>
		</Unit>
		<Unit filename="D:/IDEA/toolbox1111/apps/CLion/Projects/Game/../../../../../../englishaddress/5.12.1/mingw73_64/lib/cmake/Qt5Core/Qt5CoreConfigExtrasMkspecDir.cmake">
			<Option virtualFolder="CMake Files\..\..\..\..\..\..\englishaddress\5.12.1\mingw73_64\lib\cmake\Qt5Core\"/>
		</Unit>
		<Unit filename="D:/IDEA/toolbox1111/apps/CLion/Projects/Game/../../../../../../englishaddress/5.12.1/mingw73_64/lib/cmake/Qt5Core/Qt5CoreConfigVersion.cmake">
			<Option virtualFolder="CMake Files\..\..\..\..\..\..\englishaddress\5.12.1\mingw73_64\lib\cmake\Qt5Core\"/>
		</Unit>
		<Unit filename="D:/IDEA/toolbox1111/apps/CLion/Projects/Game/../../../../../../englishaddress/5.12.1/mingw73_64/lib/cmake/Qt5Core/Qt5CoreMacros.cmake">
			<Option virtualFolder="CMake Files\..\..\..\..\..\..\englishaddress\5.12.1\mingw73_64\lib\cmake\Qt5Core\"/>
		</Unit>
		<Unit filename="D:/IDEA/toolbox1111/apps/CLion/Projects/Game/../../../../../../englishaddress/5.12.1/mingw73_64/lib/cmake/Qt5Gui/Qt5GuiConfig.cmake">
			<Option virtualFolder="CMake Files\..\..\..\..\..\..\englishaddress\5.12.1\mingw73_64\lib\cmake\Qt5Gui\"/>
		</Unit>
		<Unit filename="D:/IDEA/toolbox1111/apps/CLion/Projects/Game/../../../../../../englishaddress/5.12.1/mingw73_64/lib/cmake/Qt5Gui/Qt5GuiConfigExtras.cmake">
			<Option virtualFolder="CMake Files\..\..\..\..\..\..\englishaddress\5.12.1\mingw73_64\lib\cmake\Qt5Gui\"/>
		</Unit>
		<Unit filename="D:/IDEA/toolbox1111/apps/CLion/Projects/Game/../../../../../../englishaddress/5.12.1/mingw73_64/lib/cmake/Qt5Gui/Qt5GuiConfigVersion.cmake">
			<Option virtualFolder="CMake Files\..\..\..\..\..\..\englishaddress\5.12.1\mingw73_64\lib\cmake\Qt5Gui\"/>
		</Unit>
		<Unit filename="D:/IDEA/toolbox1111/apps/CLion/Projects/Game/../../../../../../englishaddress/5.12.1/mingw73_64/lib/cmake/Qt5Gui/Qt5Gui_QGifPlugin.cmake">
			<Option virtualFolder="CMake Files\..\..\..\..\..\..\englishaddress\5.12.1\mingw73_64\lib\cmake\Qt5Gui\"/>
		</Unit>
		<Unit filename="D:/IDEA/toolbox1111/apps/CLion/Projects/Game/../../../../../../englishaddress/5.12.1/mingw73_64/lib/cmake/Qt5Gui/Qt5Gui_QICNSPlugin.cmake">
			<Option virtualFolder="CMake Files\..\..\..\..\..\..\englishaddress\5.12.1\mingw73_64\lib\cmake\Qt5Gui\"/>
		</Unit>
		<Unit filename="D:/IDEA/toolbox1111/apps/CLion/Projects/Game/../../../../../../englishaddress/5.12.1/mingw73_64/lib/cmake/Qt5Gui/Qt5Gui_QICOPlugin.cmake">
			<Option virtualFolder="CMake Files\..\..\..\..\..\..\englishaddress\5.12.1\mingw73_64\lib\cmake\Qt5Gui\"/>
		</Unit>
		<Unit filename="D:/IDEA/toolbox1111/apps/CLion/Projects/Game/../../../../../../englishaddress/5.12.1/mingw73_64/lib/cmake/Qt5Gui/Qt5Gui_QJpegPlugin.cmake">
			<Option virtualFolder="CMake Files\..\..\..\..\..\..\englishaddress\5.12.1\mingw73_64\lib\cmake\Qt5Gui\"/>
		</Unit>
		<Unit filename="D:/IDEA/toolbox1111/apps/CLion/Projects/Game/../../../../../../englishaddress/5.12.1/mingw73_64/lib/cmake/Qt5Gui/Qt5Gui_QMinimalIntegrationPlugin.cmake">
			<Option virtualFolder="CMake Files\..\..\..\..\..\..\englishaddress\5.12.1\mingw73_64\lib\cmake\Qt5Gui\"/>
		</Unit>
		<Unit filename="D:/IDEA/toolbox1111/apps/CLion/Projects/Game/../../../../../../englishaddress/5.12.1/mingw73_64/lib/cmake/Qt5Gui/Qt5Gui_QOffscreenIntegrationPlugin.cmake">
			<Option virtualFolder="CMake Files\..\..\..\..\..\..\englishaddress\5.12.1\mingw73_64\lib\cmake\Qt5Gui\"/>
		</Unit>
		<Unit filename="D:/IDEA/toolbox1111/apps/CLion/Projects/Game/../../../../../../englishaddress/5.12.1/mingw73_64/lib/cmake/Qt5Gui/Qt5Gui_QTgaPlugin.cmake">
			<Option virtualFolder="CMake Files\..\..\..\..\..\..\englishaddress\5.12.1\mingw73_64\lib\cmake\Qt5Gui\"/>
		</Unit>
		<Unit filename="D:/IDEA/toolbox1111/apps/CLion/Projects/Game/../../../../../../englishaddress/5.12.1/mingw73_64/lib/cmake/Qt5Gui/Qt5Gui_QTiffPlugin.cmake">
			<Option virtualFolder="CMake Files\..\..\..\..\..\..\englishaddress\5.12.1\mingw73_64\lib\cmake\Qt5Gui\"/>
		</Unit>
		<Unit filename="D:/IDEA/toolbox1111/apps/CLion/Projects/Game/../../../../../../englishaddress/5.12.1/mingw73_64/lib/cmake/Qt5Gui/Qt5Gui_QTuioTouchPlugin.cmake">
			<Option virtualFolder="CMake Files\..\..\..\..\..\..\englishaddress\5.12.1\mingw73_64\lib\cmake\Qt5Gui\"/>
		</Unit>
		<Unit filename="D:/IDEA/toolbox1111/apps/CLion/Projects/Game/../../../../../../englishaddress/5.12.1/mingw73_64/lib/cmake/Qt5Gui/Qt5Gui_QWbmpPlugin.cmake">
			<Option virtualFolder="CMake Files\..\..\..\..\..\..\englishaddress\5.12.1\mingw73_64\lib\cmake\Qt5Gui\"/>
		</Unit>
		<Unit filename="D:/IDEA/toolbox1111/apps/CLion/Projects/Game/../../../../../../englishaddress/5.12.1/mingw73_64/lib/cmake/Qt5Gui/Qt5Gui_QWebpPlugin.cmake">
			<Option virtualFolder="CMake Files\..\..\..\..\..\..\englishaddress\5.12.1\mingw73_64\lib\cmake\Qt5Gui\"/>
		</Unit>
		<Unit filename="D:/IDEA/toolbox1111/apps/CLion/Projects/Game/../../../../../../englishaddress/5.12.1/mingw73_64/lib/cmake/Qt5Gui/Qt5Gui_QWindowsDirect2DIntegrationPlugin.cmake">
			<Option virtualFolder="CMake Files\..\..\..\..\..\..\englishaddress\5.12.1\mingw73_64\lib\cmake\Qt5Gui\"/>
		</Unit>
		<Unit filename="D:/IDEA/toolbox1111/apps/CLion/Projects/Game/../../../../../../englishaddress/5.12.1/mingw73_64/lib/cmake/Qt5Gui/Qt5Gui_QWindowsIntegrationPlugin.cmake">
			<Option virtualFolder="CMake Files\..\..\..\..\..\..\englishaddress\5.12.1\mingw73_64\lib\cmake\Qt5Gui\"/>
		</Unit>
		<Unit filename="D:/IDEA/toolbox1111/apps/CLion/Projects/Game/../../../../../../englishaddress/5.12.1/mingw73_64/lib/cmake/Qt5Gui/Qt5Gui_QXdgDesktopPortalThemePlugin.cmake">
			<Option virtualFolder="CMake Files\..\..\..\..\..\..\englishaddress\5.12.1\mingw73_64\lib\cmake\Qt5Gui\"/>
		</Unit>
		<Unit filename="D:/IDEA/toolbox1111/apps/CLion/Projects/Game/../../../../../../englishaddress/5.12.1/mingw73_64/lib/cmake/Qt5Widgets/Qt5WidgetsConfig.cmake">
			<Option virtualFolder="CMake Files\..\..\..\..\..\..\englishaddress\5.12.1\mingw73_64\lib\cmake\Qt5Widgets\"/>
		</Unit>
		<Unit filename="D:/IDEA/toolbox1111/apps/CLion/Projects/Game/../../../../../../englishaddress/5.12.1/mingw73_64/lib/cmake/Qt5Widgets/Qt5WidgetsConfigExtras.cmake">
			<Option virtualFolder="CMake Files\..\..\..\..\..\..\englishaddress\5.12.1\mingw73_64\lib\cmake\Qt5Widgets\"/>
		</Unit>
		<Unit filename="D:/IDEA/toolbox1111/apps/CLion/Projects/Game/../../../../../../englishaddress/5.12.1/mingw73_64/lib/cmake/Qt5Widgets/Qt5WidgetsConfigVersion.cmake">
			<Option virtualFolder="CMake Files\..\..\..\..\..\..\englishaddress\5.12.1\mingw73_64\lib\cmake\Qt5Widgets\"/>
		</Unit>
		<Unit filename="D:/IDEA/toolbox1111/apps/CLion/Projects/Game/../../../../../../englishaddress/5.12.1/mingw73_64/lib/cmake/Qt5Widgets/Qt5WidgetsMacros.cmake">
			<Option virtualFolder="CMake Files\..\..\..\..\..\..\englishaddress\5.12.1\mingw73_64\lib\cmake\Qt5Widgets\"/>
		</Unit>
		<Unit filename="D:/IDEA/toolbox1111/apps/CLion/Projects/Game/../../../../../../englishaddress/5.12.1/mingw73_64/lib/cmake/Qt5Widgets/Qt5Widgets_QWindowsVistaStylePlugin.cmake">
			<Option virtualFolder="CMake Files\..\..\..\..\..\..\englishaddress\5.12.1\mingw73_64\lib\cmake\Qt5Widgets\"/>
		</Unit>
		<Unit filename="D:/IDEA/toolbox1111/apps/CLion/Projects/Game/Source/assets/imagesrc.qrc">
			<Option virtualFolder="CMake Files\Source\assets\"/>
		</Unit>
	</Project>
</CodeBlocks_project_file>
